// !$*UTF8*$!
{
	archiveVersion = 1;
	classes = {
	};
	objectVersion = 46;
	objects = {

/* Begin PBXBuildFile section */
		D7265DEE1EB5C9BE0043D227 /* AppDelegate.swift in Sources */ = {isa = PBXBuildFile; fileRef = D7265DED1EB5C9BE0043D227 /* AppDelegate.swift */; };
		D7265DF01EB5C9BE0043D227 /* ViewController.swift in Sources */ = {isa = PBXBuildFile; fileRef = D7265DEF1EB5C9BE0043D227 /* ViewController.swift */; };
		D7265DF31EB5C9BE0043D227 /* Main.storyboard in Resources */ = {isa = PBXBuildFile; fileRef = D7265DF11EB5C9BE0043D227 /* Main.storyboard */; };
		D7265DF51EB5C9BE0043D227 /* Assets.xcassets in Resources */ = {isa = PBXBuildFile; fileRef = D7265DF41EB5C9BE0043D227 /* Assets.xcassets */; };
		D7265DF81EB5C9BE0043D227 /* LaunchScreen.storyboard in Resources */ = {isa = PBXBuildFile; fileRef = D7265DF61EB5C9BE0043D227 /* LaunchScreen.storyboard */; };
		D7D7A9FE1EB5CE41000B5AAE /* SwiftyCam.framework in Frameworks */ = {isa = PBXBuildFile; fileRef = D7D7A9FD1EB5CE41000B5AAE /* SwiftyCam.framework */; };
		D7D7AA001EB5CE4E000B5AAE /* VisualRecognitionV3.framework in Frameworks */ = {isa = PBXBuildFile; fileRef = D7D7A9FF1EB5CE4E000B5AAE /* VisualRecognitionV3.framework */; };
		D7D7AA021EB5CFF6000B5AAE /* VisualRecognitionV3.framework in Embed Frameworks */ = {isa = PBXBuildFile; fileRef = D7D7A9FF1EB5CE4E000B5AAE /* VisualRecognitionV3.framework */; settings = {ATTRIBUTES = (CodeSignOnCopy, RemoveHeadersOnCopy, ); }; };
		D7D7AA041EB5CFF6000B5AAE /* SwiftyCam.framework in Embed Frameworks */ = {isa = PBXBuildFile; fileRef = D7D7A9FD1EB5CE41000B5AAE /* SwiftyCam.framework */; settings = {ATTRIBUTES = (CodeSignOnCopy, RemoveHeadersOnCopy, ); }; };
		D7D7AA071EB5D0BB000B5AAE /* RestKit.framework in Frameworks */ = {isa = PBXBuildFile; fileRef = D7D7AA061EB5D0BB000B5AAE /* RestKit.framework */; };
		D7D7AA091EB5D0C2000B5AAE /* RestKit.framework in Embed Frameworks */ = {isa = PBXBuildFile; fileRef = D7D7AA061EB5D0BB000B5AAE /* RestKit.framework */; settings = {ATTRIBUTES = (CodeSignOnCopy, RemoveHeadersOnCopy, ); }; };
		D7D7AA0B1EB5FA51000B5AAE /* SwiftyRecordButton.swift in Sources */ = {isa = PBXBuildFile; fileRef = D7D7AA0A1EB5FA51000B5AAE /* SwiftyRecordButton.swift */; };
		D7D7AA0D1EB5FB04000B5AAE /* PhotoViewController.swift in Sources */ = {isa = PBXBuildFile; fileRef = D7D7AA0C1EB5FB04000B5AAE /* PhotoViewController.swift */; };
		D7D7AA101EB60D75000B5AAE /* AlgoliaSearch.framework in Frameworks */ = {isa = PBXBuildFile; fileRef = D7D7AA0E1EB60D73000B5AAE /* AlgoliaSearch.framework */; };
		D7D7AA111EB60D75000B5AAE /* AlgoliaSearch.framework in Embed Frameworks */ = {isa = PBXBuildFile; fileRef = D7D7AA0E1EB60D73000B5AAE /* AlgoliaSearch.framework */; settings = {ATTRIBUTES = (CodeSignOnCopy, RemoveHeadersOnCopy, ); }; };
		D7D7AA131EB60EEE000B5AAE /* BuyScreenViewController.swift in Sources */ = {isa = PBXBuildFile; fileRef = D7D7AA121EB60EEE000B5AAE /* BuyScreenViewController.swift */; };
		D7D7AA151EB615B8000B5AAE /* SwiftyJSON.framework in Frameworks */ = {isa = PBXBuildFile; fileRef = D7D7AA141EB615B8000B5AAE /* SwiftyJSON.framework */; };
		D7D7AA171EB615BD000B5AAE /* SwiftyJSON.framework in Embed Frameworks */ = {isa = PBXBuildFile; fileRef = D7D7AA141EB615B8000B5AAE /* SwiftyJSON.framework */; settings = {ATTRIBUTES = (CodeSignOnCopy, RemoveHeadersOnCopy, ); }; };
		D7D7AA191EB669E2000B5AAE /* MIBlurPopup.swift in Sources */ = {isa = PBXBuildFile; fileRef = D7D7AA181EB669E2000B5AAE /* MIBlurPopup.swift */; };
		D7D7AA1B1EB684ED000B5AAE /* Toast.swift in Sources */ = {isa = PBXBuildFile; fileRef = D7D7AA1A1EB684ED000B5AAE /* Toast.swift */; };
/* End PBXBuildFile section */

/* Begin PBXCopyFilesBuildPhase section */
		D7D7AA051EB5CFF6000B5AAE /* Embed Frameworks */ = {
			isa = PBXCopyFilesBuildPhase;
			buildActionMask = 2147483647;
			dstPath = "";
			dstSubfolderSpec = 10;
			files = (
				D7D7AA041EB5CFF6000B5AAE /* SwiftyCam.framework in Embed Frameworks */,
				D7D7AA021EB5CFF6000B5AAE /* VisualRecognitionV3.framework in Embed Frameworks */,
				D7D7AA111EB60D75000B5AAE /* AlgoliaSearch.framework in Embed Frameworks */,
				D7D7AA091EB5D0C2000B5AAE /* RestKit.framework in Embed Frameworks */,
				D7D7AA171EB615BD000B5AAE /* SwiftyJSON.framework in Embed Frameworks */,
			);
			name = "Embed Frameworks";
			runOnlyForDeploymentPostprocessing = 0;
		};
/* End PBXCopyFilesBuildPhase section */

/* Begin PBXFileReference section */
		D7265DEA1EB5C9BE0043D227 /* JiT.app */ = {isa = PBXFileReference; explicitFileType = wrapper.application; includeInIndex = 0; path = JiT.app; sourceTree = BUILT_PRODUCTS_DIR; };
		D7265DED1EB5C9BE0043D227 /* AppDelegate.swift */ = {isa = PBXFileReference; lastKnownFileType = sourcecode.swift; path = AppDelegate.swift; sourceTree = "<group>"; };
		D7265DEF1EB5C9BE0043D227 /* ViewController.swift */ = {isa = PBXFileReference; lastKnownFileType = sourcecode.swift; path = ViewController.swift; sourceTree = "<group>"; };
		D7265DF21EB5C9BE0043D227 /* Base */ = {isa = PBXFileReference; lastKnownFileType = file.storyboard; name = Base; path = Base.lproj/Main.storyboard; sourceTree = "<group>"; };
		D7265DF41EB5C9BE0043D227 /* Assets.xcassets */ = {isa = PBXFileReference; lastKnownFileType = folder.assetcatalog; path = Assets.xcassets; sourceTree = "<group>"; };
		D7265DF71EB5C9BE0043D227 /* Base */ = {isa = PBXFileReference; lastKnownFileType = file.storyboard; name = Base; path = Base.lproj/LaunchScreen.storyboard; sourceTree = "<group>"; };
		D7265DF91EB5C9BE0043D227 /* Info.plist */ = {isa = PBXFileReference; lastKnownFileType = text.plist.xml; path = Info.plist; sourceTree = "<group>"; };
		D7D7A9FD1EB5CE41000B5AAE /* SwiftyCam.framework */ = {isa = PBXFileReference; lastKnownFileType = wrapper.framework; path = SwiftyCam.framework; sourceTree = "<group>"; };
		D7D7A9FF1EB5CE4E000B5AAE /* VisualRecognitionV3.framework */ = {isa = PBXFileReference; lastKnownFileType = wrapper.framework; path = VisualRecognitionV3.framework; sourceTree = "<group>"; };
		D7D7AA061EB5D0BB000B5AAE /* RestKit.framework */ = {isa = PBXFileReference; lastKnownFileType = wrapper.framework; path = RestKit.framework; sourceTree = "<group>"; };
		D7D7AA0A1EB5FA51000B5AAE /* SwiftyRecordButton.swift */ = {isa = PBXFileReference; fileEncoding = 4; lastKnownFileType = sourcecode.swift; path = SwiftyRecordButton.swift; sourceTree = "<group>"; };
		D7D7AA0C1EB5FB04000B5AAE /* PhotoViewController.swift */ = {isa = PBXFileReference; fileEncoding = 4; lastKnownFileType = sourcecode.swift; path = PhotoViewController.swift; sourceTree = "<group>"; };
		D7D7AA0E1EB60D73000B5AAE /* AlgoliaSearch.framework */ = {isa = PBXFileReference; lastKnownFileType = wrapper.framework; path = AlgoliaSearch.framework; sourceTree = "<group>"; };
		D7D7AA121EB60EEE000B5AAE /* BuyScreenViewController.swift */ = {isa = PBXFileReference; fileEncoding = 4; lastKnownFileType = sourcecode.swift; path = BuyScreenViewController.swift; sourceTree = "<group>"; };
		D7D7AA141EB615B8000B5AAE /* SwiftyJSON.framework */ = {isa = PBXFileReference; lastKnownFileType = wrapper.framework; path = SwiftyJSON.framework; sourceTree = "<group>"; };
		D7D7AA181EB669E2000B5AAE /* MIBlurPopup.swift */ = {isa = PBXFileReference; fileEncoding = 4; lastKnownFileType = sourcecode.swift; name = MIBlurPopup.swift; path = ../MIBlurPopup.swift; sourceTree = "<group>"; };
		D7D7AA1A1EB684ED000B5AAE /* Toast.swift */ = {isa = PBXFileReference; fileEncoding = 4; lastKnownFileType = sourcecode.swift; path = Toast.swift; sourceTree = "<group>"; };
/* End PBXFileReference section */

/* Begin PBXFrameworksBuildPhase section */
		D7265DE71EB5C9BE0043D227 /* Frameworks */ = {
			isa = PBXFrameworksBuildPhase;
			buildActionMask = 2147483647;
			files = (
				D7D7AA101EB60D75000B5AAE /* AlgoliaSearch.framework in Frameworks */,
				D7D7A9FE1EB5CE41000B5AAE /* SwiftyCam.framework in Frameworks */,
				D7D7AA001EB5CE4E000B5AAE /* VisualRecognitionV3.framework in Frameworks */,
				D7D7AA071EB5D0BB000B5AAE /* RestKit.framework in Frameworks */,
				D7D7AA151EB615B8000B5AAE /* SwiftyJSON.framework in Frameworks */,
			);
			runOnlyForDeploymentPostprocessing = 0;
		};
/* End PBXFrameworksBuildPhase section */

/* Begin PBXGroup section */
		D7265DE11EB5C9BE0043D227 = {
			isa = PBXGroup;
			children = (
				D7265DEC1EB5C9BE0043D227 /* JiT */,
				D7265DEB1EB5C9BE0043D227 /* Products */,
			);
			sourceTree = "<group>";
		};
		D7265DEB1EB5C9BE0043D227 /* Products */ = {
			isa = PBXGroup;
			children = (
				D7265DEA1EB5C9BE0043D227 /* JiT.app */,
			);
			name = Products;
			sourceTree = "<group>";
		};
		D7265DEC1EB5C9BE0043D227 /* JiT */ = {
			isa = PBXGroup;
			children = (
				D7D7AA181EB669E2000B5AAE /* MIBlurPopup.swift */,
				D7D7AA141EB615B8000B5AAE /* SwiftyJSON.framework */,
				D7D7AA0E1EB60D73000B5AAE /* AlgoliaSearch.framework */,
				D7D7AA061EB5D0BB000B5AAE /* RestKit.framework */,
				D7D7A9FF1EB5CE4E000B5AAE /* VisualRecognitionV3.framework */,
				D7D7A9FD1EB5CE41000B5AAE /* SwiftyCam.framework */,
				D7265DED1EB5C9BE0043D227 /* AppDelegate.swift */,
				D7265DEF1EB5C9BE0043D227 /* ViewController.swift */,
				D7265DF11EB5C9BE0043D227 /* Main.storyboard */,
				D7265DF41EB5C9BE0043D227 /* Assets.xcassets */,
				D7265DF61EB5C9BE0043D227 /* LaunchScreen.storyboard */,
				D7265DF91EB5C9BE0043D227 /* Info.plist */,
				D7D7AA0A1EB5FA51000B5AAE /* SwiftyRecordButton.swift */,
				D7D7AA0C1EB5FB04000B5AAE /* PhotoViewController.swift */,
				D7D7AA121EB60EEE000B5AAE /* BuyScreenViewController.swift */,
				D7D7AA1A1EB684ED000B5AAE /* Toast.swift */,
			);
			path = JiT;
			sourceTree = "<group>";
		};
/* End PBXGroup section */

/* Begin PBXNativeTarget section */
		D7265DE91EB5C9BE0043D227 /* JiT */ = {
			isa = PBXNativeTarget;
			buildConfigurationList = D7265DFC1EB5C9BE0043D227 /* Build configuration list for PBXNativeTarget "JiT" */;
			buildPhases = (
				D7265DE61EB5C9BE0043D227 /* Sources */,
				D7265DE71EB5C9BE0043D227 /* Frameworks */,
				D7265DE81EB5C9BE0043D227 /* Resources */,
				D7D7AA051EB5CFF6000B5AAE /* Embed Frameworks */,
			);
			buildRules = (
			);
			dependencies = (
			);
			name = JiT;
			productName = JiT;
			productReference = D7265DEA1EB5C9BE0043D227 /* JiT.app */;
			productType = "com.apple.product-type.application";
		};
/* End PBXNativeTarget section */

/* Begin PBXProject section */
		D7265DE21EB5C9BE0043D227 /* Project object */ = {
			isa = PBXProject;
			attributes = {
				LastSwiftUpdateCheck = 0830;
				LastUpgradeCheck = 0830;
				ORGANIZATIONNAME = "Igor Rinkovec";
				TargetAttributes = {
					D7265DE91EB5C9BE0043D227 = {
						CreatedOnToolsVersion = 8.3.2;
						DevelopmentTeam = B2Z8J357DK;
						ProvisioningStyle = Automatic;
					};
				};
			};
			buildConfigurationList = D7265DE51EB5C9BE0043D227 /* Build configuration list for PBXProject "JiT" */;
			compatibilityVersion = "Xcode 3.2";
			developmentRegion = English;
			hasScannedForEncodings = 0;
			knownRegions = (
				en,
				Base,
			);
			mainGroup = D7265DE11EB5C9BE0043D227;
			productRefGroup = D7265DEB1EB5C9BE0043D227 /* Products */;
			projectDirPath = "";
			projectRoot = "";
			targets = (
				D7265DE91EB5C9BE0043D227 /* JiT */,
			);
		};
/* End PBXProject section */

/* Begin PBXResourcesBuildPhase section */
		D7265DE81EB5C9BE0043D227 /* Resources */ = {
			isa = PBXResourcesBuildPhase;
			buildActionMask = 2147483647;
			files = (
				D7265DF81EB5C9BE0043D227 /* LaunchScreen.storyboard in Resources */,
				D7265DF51EB5C9BE0043D227 /* Assets.xcassets in Resources */,
				D7265DF31EB5C9BE0043D227 /* Main.storyboard in Resources */,
			);
			runOnlyForDeploymentPostprocessing = 0;
		};
/* End PBXResourcesBuildPhase section */

/* Begin PBXSourcesBuildPhase section */
		D7265DE61EB5C9BE0043D227 /* Sources */ = {
			isa = PBXSourcesBuildPhase;
			buildActionMask = 2147483647;
			files = (
				D7D7AA131EB60EEE000B5AAE /* BuyScreenViewController.swift in Sources */,
				D7265DF01EB5C9BE0043D227 /* ViewController.swift in Sources */,
				D7D7AA0D1EB5FB04000B5AAE /* PhotoViewController.swift in Sources */,
				D7D7AA191EB669E2000B5AAE /* MIBlurPopup.swift in Sources */,
				D7D7AA0B1EB5FA51000B5AAE /* SwiftyRecordButton.swift in Sources */,
				D7265DEE1EB5C9BE0043D227 /* AppDelegate.swift in Sources */,
				D7D7AA1B1EB684ED000B5AAE /* Toast.swift in Sources */,
			);
			runOnlyForDeploymentPostprocessing = 0;
		};
/* End PBXSourcesBuildPhase section */

/* Begin PBXVariantGroup section */
		D7265DF11EB5C9BE0043D227 /* Main.storyboard */ = {
			isa = PBXVariantGroup;
			children = (
				D7265DF21EB5C9BE0043D227 /* Base */,
			);
			name = Main.storyboard;
			sourceTree = "<group>";
		};
		D7265DF61EB5C9BE0043D227 /* LaunchScreen.storyboard */ = {
			isa = PBXVariantGroup;
			children = (
				D7265DF71EB5C9BE0043D227 /* Base */,
			);
			name = LaunchScreen.storyboard;
			sourceTree = "<group>";
		};
/* End PBXVariantGroup section */

/* Begin XCBuildConfiguration section */
		D7265DFA1EB5C9BE0043D227 /* Debug */ = {
			isa = XCBuildConfiguration;
			buildSettings = {
				ALWAYS_SEARCH_USER_PATHS = NO;
				CLANG_ANALYZER_NONNULL = YES;
				CLANG_ANALYZER_NUMBER_OBJECT_CONVERSION = YES_AGGRESSIVE;
				CLANG_CXX_LANGUAGE_STANDARD = "gnu++0x";
				CLANG_CXX_LIBRARY = "libc++";
				CLANG_ENABLE_MODULES = YES;
				CLANG_ENABLE_OBJC_ARC = YES;
				CLANG_WARN_BOOL_CONVERSION = YES;
				CLANG_WARN_CONSTANT_CONVERSION = YES;
				CLANG_WARN_DIRECT_OBJC_ISA_USAGE = YES_ERROR;
				CLANG_WARN_DOCUMENTATION_COMMENTS = YES;
				CLANG_WARN_EMPTY_BODY = YES;
				CLANG_WARN_ENUM_CONVERSION = YES;
				CLANG_WARN_INFINITE_RECURSION = YES;
				CLANG_WARN_INT_CONVERSION = YES;
				CLANG_WARN_OBJC_ROOT_CLASS = YES_ERROR;
				CLANG_WARN_SUSPICIOUS_MOVE = YES;
				CLANG_WARN_UNREACHABLE_CODE = YES;
				CLANG_WARN__DUPLICATE_METHOD_MATCH = YES;
				"CODE_SIGN_IDENTITY[sdk=iphoneos*]" = "iPhone Developer";
				COPY_PHASE_STRIP = NO;
				DEBUG_INFORMATION_FORMAT = dwarf;
				ENABLE_STRICT_OBJC_MSGSEND = YES;
				ENABLE_TESTABILITY = YES;
				GCC_C_LANGUAGE_STANDARD = gnu99;
				GCC_DYNAMIC_NO_PIC = NO;
				GCC_NO_COMMON_BLOCKS = YES;
				GCC_OPTIMIZATION_LEVEL = 0;
				GCC_PREPROCESSOR_DEFINITIONS = (
					"DEBUG=1",
					"$(inherited)",
				);
				GCC_WARN_64_TO_32_BIT_CONVERSION = YES;
				GCC_WARN_ABOUT_RETURN_TYPE = YES_ERROR;
				GCC_WARN_UNDECLARED_SELECTOR = YES;
				GCC_WARN_UNINITIALIZED_AUTOS = YES_AGGRESSIVE;
				GCC_WARN_UNUSED_FUNCTION = YES;
				GCC_WARN_UNUSED_VARIABLE = YES;
				IPHONEOS_DEPLOYMENT_TARGET = 10.3;
				MTL_ENABLE_DEBUG_INFO = YES;
				ONLY_ACTIVE_ARCH = YES;
				SDKROOT = iphoneos;
				SWIFT_ACTIVE_COMPILATION_CONDITIONS = DEBUG;
				SWIFT_OPTIMIZATION_LEVEL = "-Onone";
			};
			name = Debug;
		};
		D7265DFB1EB5C9BE0043D227 /* Release */ = {
			isa = XCBuildConfiguration;
			buildSettings = {
				ALWAYS_SEARCH_USER_PATHS = NO;
				CLANG_ANALYZER_NONNULL = YES;
				CLANG_ANALYZER_NUMBER_OBJECT_CONVERSION = YES_AGGRESSIVE;
				CLANG_CXX_LANGUAGE_STANDARD = "gnu++0x";
				CLANG_CXX_LIBRARY = "libc++";
				CLANG_ENABLE_MODULES = YES;
				CLANG_ENABLE_OBJC_ARC = YES;
				CLANG_WARN_BOOL_CONVERSION = YES;
				CLANG_WARN_CONSTANT_CONVERSION = YES;
				CLANG_WARN_DIRECT_OBJC_ISA_USAGE = YES_ERROR;
				CLANG_WARN_DOCUMENTATION_COMMENTS = YES;
				CLANG_WARN_EMPTY_BODY = YES;
				CLANG_WARN_ENUM_CONVERSION = YES;
				CLANG_WARN_INFINITE_RECURSION = YES;
				CLANG_WARN_INT_CONVERSION = YES;
				CLANG_WARN_OBJC_ROOT_CLASS = YES_ERROR;
				CLANG_WARN_SUSPICIOUS_MOVE = YES;
				CLANG_WARN_UNREACHABLE_CODE = YES;
				CLANG_WARN__DUPLICATE_METHOD_MATCH = YES;
				"CODE_SIGN_IDENTITY[sdk=iphoneos*]" = "iPhone Developer";
				COPY_PHASE_STRIP = NO;
				DEBUG_INFORMATION_FORMAT = "dwarf-with-dsym";
				ENABLE_NS_ASSERTIONS = NO;
				ENABLE_STRICT_OBJC_MSGSEND = YES;
				GCC_C_LANGUAGE_STANDARD = gnu99;
				GCC_NO_COMMON_BLOCKS = YES;
				GCC_WARN_64_TO_32_BIT_CONVERSION = YES;
				GCC_WARN_ABOUT_RETURN_TYPE = YES_ERROR;
				GCC_WARN_UNDECLARED_SELECTOR = YES;
				GCC_WARN_UNINITIALIZED_AUTOS = YES_AGGRESSIVE;
				GCC_WARN_UNUSED_FUNCTION = YES;
				GCC_WARN_UNUSED_VARIABLE = YES;
				IPHONEOS_DEPLOYMENT_TARGET = 10.3;
				MTL_ENABLE_DEBUG_INFO = NO;
				SDKROOT = iphoneos;
				SWIFT_OPTIMIZATION_LEVEL = "-Owholemodule";
				VALIDATE_PRODUCT = YES;
			};
			name = Release;
		};
		D7265DFD1EB5C9BE0043D227 /* Debug */ = {
			isa = XCBuildConfiguration;
			buildSettings = {
				ASSETCATALOG_COMPILER_APPICON_NAME = AppIcon;
				DEVELOPMENT_TEAM = B2Z8J357DK;
				FRAMEWORK_SEARCH_PATHS = (
					"$(inherited)",
					"$(PROJECT_DIR)/JiT",
				);
				INFOPLIST_FILE = JiT/Info.plist;
				LD_RUNPATH_SEARCH_PATHS = "$(inherited) @executable_path/Frameworks";
				PRODUCT_BUNDLE_IDENTIFIER = com.rinkovec.JiT;
				PRODUCT_NAME = "$(TARGET_NAME)";
				SWIFT_VERSION = 3.0;
			};
			name = Debug;
		};
		D7265DFE1EB5C9BE0043D227 /* Release */ = {
			isa = XCBuildConfiguration;
			buildSettings = {
				ASSETCATALOG_COMPILER_APPICON_NAME = AppIcon;
				DEVELOPMENT_TEAM = B2Z8J357DK;
				FRAMEWORK_SEARCH_PATHS = (
					"$(inherited)",
					"$(PROJECT_DIR)/JiT",
				);
				INFOPLIST_FILE = JiT/Info.plist;
				LD_RUNPATH_SEARCH_PATHS = "$(inherited) @executable_path/Frameworks";
				PRODUCT_BUNDLE_IDENTIFIER = com.rinkovec.JiT;
				PRODUCT_NAME = "$(TARGET_NAME)";
				SWIFT_VERSION = 3.0;
			};
			name = Release;
		};
/* End XCBuildConfiguration section */

/* Begin XCConfigurationList section */
		D7265DE51EB5C9BE0043D227 /* Build configuration list for PBXProject "JiT" */ = {
			isa = XCConfigurationList;
			buildConfigurations = (
				D7265DFA1EB5C9BE0043D227 /* Debug */,
				D7265DFB1EB5C9BE0043D227 /* Release */,
			);
			defaultConfigurationIsVisible = 0;
			defaultConfigurationName = Release;
		};
		D7265DFC1EB5C9BE0043D227 /* Build configuration list for PBXNativeTarget "JiT" */ = {
			isa = XCConfigurationList;
			buildConfigurations = (
				D7265DFD1EB5C9BE0043D227 /* Debug */,
				D7265DFE1EB5C9BE0043D227 /* Release */,
			);
			defaultConfigurationIsVisible = 0;
			defaultConfigurationName = Release;
		};
/* End XCConfigurationList section */
	};
	rootObject = D7265DE21EB5C9BE0043D227 /* Project object */;
}
